// !$*UTF8*$!
{
	archiveVersion = 1;
	classes = {
	};
	objectVersion = 56;
	objects = {

/* Begin PBXBuildFile section */
		2EAF853629F4E26D00554746 /* RMLocation.swift in Sources */ = {isa = PBXBuildFile; fileRef = 2EAF853529F4E26D00554746 /* RMLocation.swift */; };
		2EAF853829F4E27900554746 /* RMCharacter.swift in Sources */ = {isa = PBXBuildFile; fileRef = 2EAF853729F4E27900554746 /* RMCharacter.swift */; };
		2EAF853A29F4E28A00554746 /* RMEpisode.swift in Sources */ = {isa = PBXBuildFile; fileRef = 2EAF853929F4E28A00554746 /* RMEpisode.swift */; };
		2EAF853D29F4E33700554746 /* RMCharacterViewController.swift in Sources */ = {isa = PBXBuildFile; fileRef = 2EAF853C29F4E33700554746 /* RMCharacterViewController.swift */; };
		2EAF853F29F4E34300554746 /* RMLocationViewController.swift in Sources */ = {isa = PBXBuildFile; fileRef = 2EAF853E29F4E34300554746 /* RMLocationViewController.swift */; };
		2EAF854129F4E35200554746 /* RMEpisodeViewController.swift in Sources */ = {isa = PBXBuildFile; fileRef = 2EAF854029F4E35200554746 /* RMEpisodeViewController.swift */; };
		2EAF854329F4E36100554746 /* RMSettingViewController.swift in Sources */ = {isa = PBXBuildFile; fileRef = 2EAF854229F4E36100554746 /* RMSettingViewController.swift */; };
		2EAF854529F4EB6300554746 /* RMService.swift in Sources */ = {isa = PBXBuildFile; fileRef = 2EAF854429F4EB6300554746 /* RMService.swift */; };
		2EAF854729F4EB6F00554746 /* RMRequest.swift in Sources */ = {isa = PBXBuildFile; fileRef = 2EAF854629F4EB6F00554746 /* RMRequest.swift */; };
		2EAF854929F4EBFB00554746 /* RMEndpoint.swift in Sources */ = {isa = PBXBuildFile; fileRef = 2EAF854829F4EBFB00554746 /* RMEndpoint.swift */; };
		2ED1FE7429E4F5860062335B /* AppDelegate.swift in Sources */ = {isa = PBXBuildFile; fileRef = 2ED1FE7329E4F5860062335B /* AppDelegate.swift */; };
		2ED1FE7629E4F5860062335B /* SceneDelegate.swift in Sources */ = {isa = PBXBuildFile; fileRef = 2ED1FE7529E4F5860062335B /* SceneDelegate.swift */; };
		2ED1FE7829E4F5860062335B /* RMTabBarViewController.swift in Sources */ = {isa = PBXBuildFile; fileRef = 2ED1FE7729E4F5860062335B /* RMTabBarViewController.swift */; };
		2ED1FE7D29E4F5880062335B /* Assets.xcassets in Resources */ = {isa = PBXBuildFile; fileRef = 2ED1FE7C29E4F5880062335B /* Assets.xcassets */; };
		2ED1FE8029E4F5880062335B /* LaunchScreen.storyboard in Resources */ = {isa = PBXBuildFile; fileRef = 2ED1FE7E29E4F5880062335B /* LaunchScreen.storyboard */; };
/* End PBXBuildFile section */

/* Begin PBXFileReference section */
		2EAF853529F4E26D00554746 /* RMLocation.swift */ = {isa = PBXFileReference; lastKnownFileType = sourcecode.swift; path = RMLocation.swift; sourceTree = "<group>"; };
		2EAF853729F4E27900554746 /* RMCharacter.swift */ = {isa = PBXFileReference; lastKnownFileType = sourcecode.swift; path = RMCharacter.swift; sourceTree = "<group>"; };
		2EAF853929F4E28A00554746 /* RMEpisode.swift */ = {isa = PBXFileReference; lastKnownFileType = sourcecode.swift; path = RMEpisode.swift; sourceTree = "<group>"; };
		2EAF853C29F4E33700554746 /* RMCharacterViewController.swift */ = {isa = PBXFileReference; lastKnownFileType = sourcecode.swift; path = RMCharacterViewController.swift; sourceTree = "<group>"; };
		2EAF853E29F4E34300554746 /* RMLocationViewController.swift */ = {isa = PBXFileReference; lastKnownFileType = sourcecode.swift; path = RMLocationViewController.swift; sourceTree = "<group>"; };
		2EAF854029F4E35200554746 /* RMEpisodeViewController.swift */ = {isa = PBXFileReference; lastKnownFileType = sourcecode.swift; path = RMEpisodeViewController.swift; sourceTree = "<group>"; };
		2EAF854229F4E36100554746 /* RMSettingViewController.swift */ = {isa = PBXFileReference; lastKnownFileType = sourcecode.swift; path = RMSettingViewController.swift; sourceTree = "<group>"; };
		2EAF854429F4EB6300554746 /* RMService.swift */ = {isa = PBXFileReference; lastKnownFileType = sourcecode.swift; path = RMService.swift; sourceTree = "<group>"; };
		2EAF854629F4EB6F00554746 /* RMRequest.swift */ = {isa = PBXFileReference; lastKnownFileType = sourcecode.swift; path = RMRequest.swift; sourceTree = "<group>"; };
		2EAF854829F4EBFB00554746 /* RMEndpoint.swift */ = {isa = PBXFileReference; lastKnownFileType = sourcecode.swift; path = RMEndpoint.swift; sourceTree = "<group>"; };
		2ED1FE7029E4F5860062335B /* RickAndMorty.app */ = {isa = PBXFileReference; explicitFileType = wrapper.application; includeInIndex = 0; path = RickAndMorty.app; sourceTree = BUILT_PRODUCTS_DIR; };
		2ED1FE7329E4F5860062335B /* AppDelegate.swift */ = {isa = PBXFileReference; lastKnownFileType = sourcecode.swift; path = AppDelegate.swift; sourceTree = "<group>"; };
		2ED1FE7529E4F5860062335B /* SceneDelegate.swift */ = {isa = PBXFileReference; lastKnownFileType = sourcecode.swift; path = SceneDelegate.swift; sourceTree = "<group>"; };
		2ED1FE7729E4F5860062335B /* RMTabBarViewController.swift */ = {isa = PBXFileReference; lastKnownFileType = sourcecode.swift; path = RMTabBarViewController.swift; sourceTree = "<group>"; };
		2ED1FE7C29E4F5880062335B /* Assets.xcassets */ = {isa = PBXFileReference; lastKnownFileType = folder.assetcatalog; path = Assets.xcassets; sourceTree = "<group>"; };
		2ED1FE7F29E4F5880062335B /* Base */ = {isa = PBXFileReference; lastKnownFileType = file.storyboard; name = Base; path = Base.lproj/LaunchScreen.storyboard; sourceTree = "<group>"; };
		2ED1FE8129E4F5880062335B /* Info.plist */ = {isa = PBXFileReference; lastKnownFileType = text.plist.xml; path = Info.plist; sourceTree = "<group>"; };
/* End PBXFileReference section */

/* Begin PBXFrameworksBuildPhase section */
		2ED1FE6D29E4F5860062335B /* Frameworks */ = {
			isa = PBXFrameworksBuildPhase;
			buildActionMask = 2147483647;
			files = (
			);
			runOnlyForDeploymentPostprocessing = 0;
		};
/* End PBXFrameworksBuildPhase section */

/* Begin PBXGroup section */
		2EAF852E29F4E1C700554746 /* Models */ = {
			isa = PBXGroup;
			children = (
				2EAF853529F4E26D00554746 /* RMLocation.swift */,
				2EAF853729F4E27900554746 /* RMCharacter.swift */,
				2EAF853929F4E28A00554746 /* RMEpisode.swift */,
			);
			path = Models;
			sourceTree = "<group>";
		};
		2EAF852F29F4E1CF00554746 /* Views */ = {
			isa = PBXGroup;
			children = (
			);
			path = Views;
			sourceTree = "<group>";
		};
		2EAF853029F4E1D600554746 /* ViewModels */ = {
			isa = PBXGroup;
			children = (
			);
			path = ViewModels;
			sourceTree = "<group>";
		};
		2EAF853129F4E1DF00554746 /* APIClient */ = {
			isa = PBXGroup;
			children = (
				2EAF854429F4EB6300554746 /* RMService.swift */,
				2EAF854629F4EB6F00554746 /* RMRequest.swift */,
				2EAF854829F4EBFB00554746 /* RMEndpoint.swift */,
			);
			path = APIClient;
			sourceTree = "<group>";
		};
		2EAF853229F4E1EC00554746 /* Managers */ = {
			isa = PBXGroup;
			children = (
			);
			path = Managers;
			sourceTree = "<group>";
		};
		2EAF853329F4E1F600554746 /* Resources */ = {
			isa = PBXGroup;
			children = (
				2ED1FE7329E4F5860062335B /* AppDelegate.swift */,
				2ED1FE7529E4F5860062335B /* SceneDelegate.swift */,
				2ED1FE7C29E4F5880062335B /* Assets.xcassets */,
				2ED1FE7E29E4F5880062335B /* LaunchScreen.storyboard */,
			);
			path = Resources;
			sourceTree = "<group>";
		};
		2EAF853429F4E21000554746 /* Controllers */ = {
			isa = PBXGroup;
			children = (
				2EAF853B29F4E2E700554746 /* Core */,
			);
			path = Controllers;
			sourceTree = "<group>";
		};
		2EAF853B29F4E2E700554746 /* Core */ = {
			isa = PBXGroup;
			children = (
				2ED1FE7729E4F5860062335B /* RMTabBarViewController.swift */,
				2EAF853C29F4E33700554746 /* RMCharacterViewController.swift */,
				2EAF853E29F4E34300554746 /* RMLocationViewController.swift */,
				2EAF854029F4E35200554746 /* RMEpisodeViewController.swift */,
				2EAF854229F4E36100554746 /* RMSettingViewController.swift */,
			);
			path = Core;
			sourceTree = "<group>";
		};
		2ED1FE6729E4F5860062335B = {
			isa = PBXGroup;
			children = (
				2ED1FE7229E4F5860062335B /* RickAndMorty */,
				2ED1FE7129E4F5860062335B /* Products */,
			);
			sourceTree = "<group>";
		};
		2ED1FE7129E4F5860062335B /* Products */ = {
			isa = PBXGroup;
			children = (
				2ED1FE7029E4F5860062335B /* RickAndMorty.app */,
			);
			name = Products;
			sourceTree = "<group>";
		};
		2ED1FE7229E4F5860062335B /* RickAndMorty */ = {
			isa = PBXGroup;
			children = (
				2EAF853329F4E1F600554746 /* Resources */,
				2EAF853229F4E1EC00554746 /* Managers */,
				2EAF853129F4E1DF00554746 /* APIClient */,
				2EAF853029F4E1D600554746 /* ViewModels */,
				2EAF852F29F4E1CF00554746 /* Views */,
				2EAF852E29F4E1C700554746 /* Models */,
				2EAF853429F4E21000554746 /* Controllers */,
				2ED1FE8129E4F5880062335B /* Info.plist */,
			);
			path = RickAndMorty;
			sourceTree = "<group>";
		};
/* End PBXGroup section */

/* Begin PBXNativeTarget section */
		2ED1FE6F29E4F5860062335B /* RickAndMorty */ = {
			isa = PBXNativeTarget;
			buildConfigurationList = 2ED1FE8429E4F5880062335B /* Build configuration list for PBXNativeTarget "RickAndMorty" */;
			buildPhases = (
				2ED1FE6C29E4F5860062335B /* Sources */,
				2ED1FE6D29E4F5860062335B /* Frameworks */,
				2ED1FE6E29E4F5860062335B /* Resources */,
			);
			buildRules = (
			);
			dependencies = (
			);
			name = RickAndMorty;
			productName = RickAndMorty;
			productReference = 2ED1FE7029E4F5860062335B /* RickAndMorty.app */;
			productType = "com.apple.product-type.application";
		};
/* End PBXNativeTarget section */

/* Begin PBXProject section */
		2ED1FE6829E4F5860062335B /* Project object */ = {
			isa = PBXProject;
			attributes = {
				BuildIndependentTargetsInParallel = 1;
				LastSwiftUpdateCheck = 1420;
				LastUpgradeCheck = 1420;
				TargetAttributes = {
					2ED1FE6F29E4F5860062335B = {
						CreatedOnToolsVersion = 14.2;
					};
				};
			};
			buildConfigurationList = 2ED1FE6B29E4F5860062335B /* Build configuration list for PBXProject "RickAndMorty" */;
			compatibilityVersion = "Xcode 14.0";
			developmentRegion = en;
			hasScannedForEncodings = 0;
			knownRegions = (
				en,
				Base,
			);
			mainGroup = 2ED1FE6729E4F5860062335B;
			productRefGroup = 2ED1FE7129E4F5860062335B /* Products */;
			projectDirPath = "";
			projectRoot = "";
			targets = (
				2ED1FE6F29E4F5860062335B /* RickAndMorty */,
			);
		};
/* End PBXProject section */

/* Begin PBXResourcesBuildPhase section */
		2ED1FE6E29E4F5860062335B /* Resources */ = {
			isa = PBXResourcesBuildPhase;
			buildActionMask = 2147483647;
			files = (
				2ED1FE8029E4F5880062335B /* LaunchScreen.storyboard in Resources */,
				2ED1FE7D29E4F5880062335B /* Assets.xcassets in Resources */,
			);
			runOnlyForDeploymentPostprocessing = 0;
		};
/* End PBXResourcesBuildPhase section */

/* Begin PBXSourcesBuildPhase section */
		2ED1FE6C29E4F5860062335B /* Sources */ = {
			isa = PBXSourcesBuildPhase;
			buildActionMask = 2147483647;
			files = (
				2EAF853F29F4E34300554746 /* RMLocationViewController.swift in Sources */,
				2EAF853A29F4E28A00554746 /* RMEpisode.swift in Sources */,
				2ED1FE7829E4F5860062335B /* RMTabBarViewController.swift in Sources */,
				2EAF854129F4E35200554746 /* RMEpisodeViewController.swift in Sources */,
				2EAF854329F4E36100554746 /* RMSettingViewController.swift in Sources */,
				2ED1FE7429E4F5860062335B /* AppDelegate.swift in Sources */,
				2ED1FE7629E4F5860062335B /* SceneDelegate.swift in Sources */,
				2EAF854529F4EB6300554746 /* RMService.swift in Sources */,
				2EAF853629F4E26D00554746 /* RMLocation.swift in Sources */,
				2EAF854929F4EBFB00554746 /* RMEndpoint.swift in Sources */,
				2EAF853829F4E27900554746 /* RMCharacter.swift in Sources */,
				2EAF854729F4EB6F00554746 /* RMRequest.swift in Sources */,
				2EAF853D29F4E33700554746 /* RMCharacterViewController.swift in Sources */,
			);
			runOnlyForDeploymentPostprocessing = 0;
		};
/* End PBXSourcesBuildPhase section */

/* Begin PBXVariantGroup section */
		2ED1FE7E29E4F5880062335B /* LaunchScreen.storyboard */ = {
			isa = PBXVariantGroup;
			children = (
				2ED1FE7F29E4F5880062335B /* Base */,
			);
			name = LaunchScreen.storyboard;
			sourceTree = "<group>";
		};
/* End PBXVariantGroup section */

/* Begin XCBuildConfiguration section */
		2ED1FE8229E4F5880062335B /* Debug */ = {
			isa = XCBuildConfiguration;
			buildSettings = {
				ALWAYS_SEARCH_USER_PATHS = NO;
				CLANG_ANALYZER_NONNULL = YES;
				CLANG_ANALYZER_NUMBER_OBJECT_CONVERSION = YES_AGGRESSIVE;
				CLANG_CXX_LANGUAGE_STANDARD = "gnu++20";
				CLANG_ENABLE_MODULES = YES;
				CLANG_ENABLE_OBJC_ARC = YES;
				CLANG_ENABLE_OBJC_WEAK = YES;
				CLANG_WARN_BLOCK_CAPTURE_AUTORELEASING = YES;
				CLANG_WARN_BOOL_CONVERSION = YES;
				CLANG_WARN_COMMA = YES;
				CLANG_WARN_CONSTANT_CONVERSION = YES;
				CLANG_WARN_DEPRECATED_OBJC_IMPLEMENTATIONS = YES;
				CLANG_WARN_DIRECT_OBJC_ISA_USAGE = YES_ERROR;
				CLANG_WARN_DOCUMENTATION_COMMENTS = YES;
				CLANG_WARN_EMPTY_BODY = YES;
				CLANG_WARN_ENUM_CONVERSION = YES;
				CLANG_WARN_INFINITE_RECURSION = YES;
				CLANG_WARN_INT_CONVERSION = YES;
				CLANG_WARN_NON_LITERAL_NULL_CONVERSION = YES;
				CLANG_WARN_OBJC_IMPLICIT_RETAIN_SELF = YES;
				CLANG_WARN_OBJC_LITERAL_CONVERSION = YES;
				CLANG_WARN_OBJC_ROOT_CLASS = YES_ERROR;
				CLANG_WARN_QUOTED_INCLUDE_IN_FRAMEWORK_HEADER = YES;
				CLANG_WARN_RANGE_LOOP_ANALYSIS = YES;
				CLANG_WARN_STRICT_PROTOTYPES = YES;
				CLANG_WARN_SUSPICIOUS_MOVE = YES;
				CLANG_WARN_UNGUARDED_AVAILABILITY = YES_AGGRESSIVE;
				CLANG_WARN_UNREACHABLE_CODE = YES;
				CLANG_WARN__DUPLICATE_METHOD_MATCH = YES;
				COPY_PHASE_STRIP = NO;
				DEBUG_INFORMATION_FORMAT = dwarf;
				ENABLE_STRICT_OBJC_MSGSEND = YES;
				ENABLE_TESTABILITY = YES;
				GCC_C_LANGUAGE_STANDARD = gnu11;
				GCC_DYNAMIC_NO_PIC = NO;
				GCC_NO_COMMON_BLOCKS = YES;
				GCC_OPTIMIZATION_LEVEL = 0;
				GCC_PREPROCESSOR_DEFINITIONS = (
					"DEBUG=1",
					"$(inherited)",
				);
				GCC_WARN_64_TO_32_BIT_CONVERSION = YES;
				GCC_WARN_ABOUT_RETURN_TYPE = YES_ERROR;
				GCC_WARN_UNDECLARED_SELECTOR = YES;
				GCC_WARN_UNINITIALIZED_AUTOS = YES_AGGRESSIVE;
				GCC_WARN_UNUSED_FUNCTION = YES;
				GCC_WARN_UNUSED_VARIABLE = YES;
				IPHONEOS_DEPLOYMENT_TARGET = 16.2;
				MTL_ENABLE_DEBUG_INFO = INCLUDE_SOURCE;
				MTL_FAST_MATH = YES;
				ONLY_ACTIVE_ARCH = YES;
				SDKROOT = iphoneos;
				SWIFT_ACTIVE_COMPILATION_CONDITIONS = DEBUG;
				SWIFT_OPTIMIZATION_LEVEL = "-Onone";
			};
			name = Debug;
		};
		2ED1FE8329E4F5880062335B /* Release */ = {
			isa = XCBuildConfiguration;
			buildSettings = {
				ALWAYS_SEARCH_USER_PATHS = NO;
				CLANG_ANALYZER_NONNULL = YES;
				CLANG_ANALYZER_NUMBER_OBJECT_CONVERSION = YES_AGGRESSIVE;
				CLANG_CXX_LANGUAGE_STANDARD = "gnu++20";
				CLANG_ENABLE_MODULES = YES;
				CLANG_ENABLE_OBJC_ARC = YES;
				CLANG_ENABLE_OBJC_WEAK = YES;
				CLANG_WARN_BLOCK_CAPTURE_AUTORELEASING = YES;
				CLANG_WARN_BOOL_CONVERSION = YES;
				CLANG_WARN_COMMA = YES;
				CLANG_WARN_CONSTANT_CONVERSION = YES;
				CLANG_WARN_DEPRECATED_OBJC_IMPLEMENTATIONS = YES;
				CLANG_WARN_DIRECT_OBJC_ISA_USAGE = YES_ERROR;
				CLANG_WARN_DOCUMENTATION_COMMENTS = YES;
				CLANG_WARN_EMPTY_BODY = YES;
				CLANG_WARN_ENUM_CONVERSION = YES;
				CLANG_WARN_INFINITE_RECURSION = YES;
				CLANG_WARN_INT_CONVERSION = YES;
				CLANG_WARN_NON_LITERAL_NULL_CONVERSION = YES;
				CLANG_WARN_OBJC_IMPLICIT_RETAIN_SELF = YES;
				CLANG_WARN_OBJC_LITERAL_CONVERSION = YES;
				CLANG_WARN_OBJC_ROOT_CLASS = YES_ERROR;
				CLANG_WARN_QUOTED_INCLUDE_IN_FRAMEWORK_HEADER = YES;
				CLANG_WARN_RANGE_LOOP_ANALYSIS = YES;
				CLANG_WARN_STRICT_PROTOTYPES = YES;
				CLANG_WARN_SUSPICIOUS_MOVE = YES;
				CLANG_WARN_UNGUARDED_AVAILABILITY = YES_AGGRESSIVE;
				CLANG_WARN_UNREACHABLE_CODE = YES;
				CLANG_WARN__DUPLICATE_METHOD_MATCH = YES;
				COPY_PHASE_STRIP = NO;
				DEBUG_INFORMATION_FORMAT = "dwarf-with-dsym";
				ENABLE_NS_ASSERTIONS = NO;
				ENABLE_STRICT_OBJC_MSGSEND = YES;
				GCC_C_LANGUAGE_STANDARD = gnu11;
				GCC_NO_COMMON_BLOCKS = YES;
				GCC_WARN_64_TO_32_BIT_CONVERSION = YES;
				GCC_WARN_ABOUT_RETURN_TYPE = YES_ERROR;
				GCC_WARN_UNDECLARED_SELECTOR = YES;
				GCC_WARN_UNINITIALIZED_AUTOS = YES_AGGRESSIVE;
				GCC_WARN_UNUSED_FUNCTION = YES;
				GCC_WARN_UNUSED_VARIABLE = YES;
				IPHONEOS_DEPLOYMENT_TARGET = 16.2;
				MTL_ENABLE_DEBUG_INFO = NO;
				MTL_FAST_MATH = YES;
				SDKROOT = iphoneos;
				SWIFT_COMPILATION_MODE = wholemodule;
				SWIFT_OPTIMIZATION_LEVEL = "-O";
				VALIDATE_PRODUCT = YES;
			};
			name = Release;
		};
		2ED1FE8529E4F5880062335B /* Debug */ = {
			isa = XCBuildConfiguration;
			buildSettings = {
				ASSETCATALOG_COMPILER_APPICON_NAME = AppIcon;
				ASSETCATALOG_COMPILER_GLOBAL_ACCENT_COLOR_NAME = AccentColor;
				CODE_SIGN_STYLE = Automatic;
				CURRENT_PROJECT_VERSION = 1;
				DEVELOPMENT_TEAM = ZGKWMC3UA4;
				GENERATE_INFOPLIST_FILE = YES;
				INFOPLIST_FILE = RickAndMorty/Info.plist;
				INFOPLIST_KEY_UIApplicationSupportsIndirectInputEvents = YES;
				INFOPLIST_KEY_UILaunchStoryboardName = LaunchScreen;
				INFOPLIST_KEY_UISupportedInterfaceOrientations_iPad = "UIInterfaceOrientationPortrait UIInterfaceOrientationPortraitUpsideDown UIInterfaceOrientationLandscapeLeft UIInterfaceOrientationLandscapeRight";
				INFOPLIST_KEY_UISupportedInterfaceOrientations_iPhone = "UIInterfaceOrientationPortrait UIInterfaceOrientationLandscapeLeft UIInterfaceOrientationLandscapeRight";
				LD_RUNPATH_SEARCH_PATHS = (
					"$(inherited)",
					"@executable_path/Frameworks",
				);
				MARKETING_VERSION = 1.0;
				PRODUCT_BUNDLE_IDENTIFIER = com.thienvule.RickAndMorty;
				PRODUCT_NAME = "$(TARGET_NAME)";
				SWIFT_EMIT_LOC_STRINGS = YES;
				SWIFT_VERSION = 5.0;
				TARGETED_DEVICE_FAMILY = "1,2";
			};
			name = Debug;
		};
		2ED1FE8629E4F5880062335B /* Release */ = {
			isa = XCBuildConfiguration;
			buildSettings = {
				ASSETCATALOG_COMPILER_APPICON_NAME = AppIcon;
				ASSETCATALOG_COMPILER_GLOBAL_ACCENT_COLOR_NAME = AccentColor;
				CODE_SIGN_STYLE = Automatic;
				CURRENT_PROJECT_VERSION = 1;
				DEVELOPMENT_TEAM = ZGKWMC3UA4;
				GENERATE_INFOPLIST_FILE = YES;
				INFOPLIST_FILE = RickAndMorty/Info.plist;
				INFOPLIST_KEY_UIApplicationSupportsIndirectInputEvents = YES;
				INFOPLIST_KEY_UILaunchStoryboardName = LaunchScreen;
				INFOPLIST_KEY_UISupportedInterfaceOrientations_iPad = "UIInterfaceOrientationPortrait UIInterfaceOrientationPortraitUpsideDown UIInterfaceOrientationLandscapeLeft UIInterfaceOrientationLandscapeRight";
				INFOPLIST_KEY_UISupportedInterfaceOrientations_iPhone = "UIInterfaceOrientationPortrait UIInterfaceOrientationLandscapeLeft UIInterfaceOrientationLandscapeRight";
				LD_RUNPATH_SEARCH_PATHS = (
					"$(inherited)",
					"@executable_path/Frameworks",
				);
				MARKETING_VERSION = 1.0;
				PRODUCT_BUNDLE_IDENTIFIER = com.thienvule.RickAndMorty;
				PRODUCT_NAME = "$(TARGET_NAME)";
				SWIFT_EMIT_LOC_STRINGS = YES;
				SWIFT_VERSION = 5.0;
				TARGETED_DEVICE_FAMILY = "1,2";
			};
			name = Release;
		};
/* End XCBuildConfiguration section */

/* Begin XCConfigurationList section */
		2ED1FE6B29E4F5860062335B /* Build configuration list for PBXProject "RickAndMorty" */ = {
			isa = XCConfigurationList;
			buildConfigurations = (
				2ED1FE8229E4F5880062335B /* Debug */,
				2ED1FE8329E4F5880062335B /* Release */,
			);
			defaultConfigurationIsVisible = 0;
			defaultConfigurationName = Release;
		};
		2ED1FE8429E4F5880062335B /* Build configuration list for PBXNativeTarget "RickAndMorty" */ = {
			isa = XCConfigurationList;
			buildConfigurations = (
				2ED1FE8529E4F5880062335B /* Debug */,
				2ED1FE8629E4F5880062335B /* Release */,
			);
			defaultConfigurationIsVisible = 0;
			defaultConfigurationName = Release;
		};
/* End XCConfigurationList section */
	};
	rootObject = 2ED1FE6829E4F5860062335B /* Project object */;
}
